// !$*UTF8*$!
{
	archiveVersion = 1;
	classes = {
	};
	objectVersion = 48;
	objects = {

/* Begin PBXBuildFile section */
		4859891C22C5223D00F3F1B2 /* SettingsLauncher.swift in Sources */ = {isa = PBXBuildFile; fileRef = 4859891B22C5223D00F3F1B2 /* SettingsLauncher.swift */; };
		76B2DFC622BFE35600674C99 /* AppDelegate.swift in Sources */ = {isa = PBXBuildFile; fileRef = 76B2DFC522BFE35600674C99 /* AppDelegate.swift */; };
		76B2DFC822BFE35600674C99 /* HomeController.swift in Sources */ = {isa = PBXBuildFile; fileRef = 76B2DFC722BFE35600674C99 /* HomeController.swift */; };
		76B2DFCB22BFE35600674C99 /* Main.storyboard in Resources */ = {isa = PBXBuildFile; fileRef = 76B2DFC922BFE35600674C99 /* Main.storyboard */; };
		76B2DFCE22BFE35600674C99 /* YoutubeClone.xcdatamodeld in Sources */ = {isa = PBXBuildFile; fileRef = 76B2DFCC22BFE35600674C99 /* YoutubeClone.xcdatamodeld */; };
		76B2DFD022BFE35600674C99 /* Assets.xcassets in Resources */ = {isa = PBXBuildFile; fileRef = 76B2DFCF22BFE35600674C99 /* Assets.xcassets */; };
		76B2DFD322BFE35600674C99 /* LaunchScreen.storyboard in Resources */ = {isa = PBXBuildFile; fileRef = 76B2DFD122BFE35600674C99 /* LaunchScreen.storyboard */; };
		76B2DFDE22BFE35600674C99 /* YoutubeCloneTests.swift in Sources */ = {isa = PBXBuildFile; fileRef = 76B2DFDD22BFE35600674C99 /* YoutubeCloneTests.swift */; };
		76B2DFE922BFE35600674C99 /* YoutubeCloneUITests.swift in Sources */ = {isa = PBXBuildFile; fileRef = 76B2DFE822BFE35600674C99 /* YoutubeCloneUITests.swift */; };
		76B70D6622C4214600AE81B7 /* BaseCell.swift in Sources */ = {isa = PBXBuildFile; fileRef = 76B70D6522C4214600AE81B7 /* BaseCell.swift */; };
		76D0A56322C264C900224D6E /* Extensions.swift in Sources */ = {isa = PBXBuildFile; fileRef = 76D0A56222C264C900224D6E /* Extensions.swift */; };
		76D0A56622C2656000224D6E /* VideoCell.swift in Sources */ = {isa = PBXBuildFile; fileRef = 76D0A56522C2656000224D6E /* VideoCell.swift */; };
		76D0A56922C26E8A00224D6E /* MenuBar.swift in Sources */ = {isa = PBXBuildFile; fileRef = 76D0A56822C26E8A00224D6E /* MenuBar.swift */; };
		76D0A56C22C2BF9B00224D6E /* Video.swift in Sources */ = {isa = PBXBuildFile; fileRef = 76D0A56B22C2BF9B00224D6E /* Video.swift */; };
/* End PBXBuildFile section */

/* Begin PBXContainerItemProxy section */
		76B2DFDA22BFE35600674C99 /* PBXContainerItemProxy */ = {
			isa = PBXContainerItemProxy;
			containerPortal = 76B2DFBA22BFE35600674C99 /* Project object */;
			proxyType = 1;
			remoteGlobalIDString = 76B2DFC122BFE35600674C99;
			remoteInfo = YoutubeClone;
		};
		76B2DFE522BFE35600674C99 /* PBXContainerItemProxy */ = {
			isa = PBXContainerItemProxy;
			containerPortal = 76B2DFBA22BFE35600674C99 /* Project object */;
			proxyType = 1;
			remoteGlobalIDString = 76B2DFC122BFE35600674C99;
			remoteInfo = YoutubeClone;
		};
/* End PBXContainerItemProxy section */

/* Begin PBXFileReference section */
		4859891B22C5223D00F3F1B2 /* SettingsLauncher.swift */ = {isa = PBXFileReference; lastKnownFileType = sourcecode.swift; path = SettingsLauncher.swift; sourceTree = "<group>"; };
		76B2DFC222BFE35600674C99 /* YoutubeClone.app */ = {isa = PBXFileReference; explicitFileType = wrapper.application; includeInIndex = 0; path = YoutubeClone.app; sourceTree = BUILT_PRODUCTS_DIR; };
		76B2DFC522BFE35600674C99 /* AppDelegate.swift */ = {isa = PBXFileReference; lastKnownFileType = sourcecode.swift; path = AppDelegate.swift; sourceTree = "<group>"; };
		76B2DFC722BFE35600674C99 /* HomeController.swift */ = {isa = PBXFileReference; lastKnownFileType = sourcecode.swift; path = HomeController.swift; sourceTree = "<group>"; };
		76B2DFCA22BFE35600674C99 /* Base */ = {isa = PBXFileReference; lastKnownFileType = file.storyboard; name = Base; path = Base.lproj/Main.storyboard; sourceTree = "<group>"; };
		76B2DFCD22BFE35600674C99 /* YoutubeClone.xcdatamodel */ = {isa = PBXFileReference; lastKnownFileType = wrapper.xcdatamodel; path = YoutubeClone.xcdatamodel; sourceTree = "<group>"; };
		76B2DFCF22BFE35600674C99 /* Assets.xcassets */ = {isa = PBXFileReference; lastKnownFileType = folder.assetcatalog; path = Assets.xcassets; sourceTree = "<group>"; };
		76B2DFD222BFE35600674C99 /* Base */ = {isa = PBXFileReference; lastKnownFileType = file.storyboard; name = Base; path = Base.lproj/LaunchScreen.storyboard; sourceTree = "<group>"; };
		76B2DFD422BFE35600674C99 /* Info.plist */ = {isa = PBXFileReference; lastKnownFileType = text.plist.xml; path = Info.plist; sourceTree = "<group>"; };
		76B2DFD922BFE35600674C99 /* YoutubeCloneTests.xctest */ = {isa = PBXFileReference; explicitFileType = wrapper.cfbundle; includeInIndex = 0; path = YoutubeCloneTests.xctest; sourceTree = BUILT_PRODUCTS_DIR; };
		76B2DFDD22BFE35600674C99 /* YoutubeCloneTests.swift */ = {isa = PBXFileReference; lastKnownFileType = sourcecode.swift; path = YoutubeCloneTests.swift; sourceTree = "<group>"; };
		76B2DFDF22BFE35600674C99 /* Info.plist */ = {isa = PBXFileReference; lastKnownFileType = text.plist.xml; path = Info.plist; sourceTree = "<group>"; };
		76B2DFE422BFE35600674C99 /* YoutubeCloneUITests.xctest */ = {isa = PBXFileReference; explicitFileType = wrapper.cfbundle; includeInIndex = 0; path = YoutubeCloneUITests.xctest; sourceTree = BUILT_PRODUCTS_DIR; };
		76B2DFE822BFE35600674C99 /* YoutubeCloneUITests.swift */ = {isa = PBXFileReference; lastKnownFileType = sourcecode.swift; path = YoutubeCloneUITests.swift; sourceTree = "<group>"; };
		76B2DFEA22BFE35600674C99 /* Info.plist */ = {isa = PBXFileReference; lastKnownFileType = text.plist.xml; path = Info.plist; sourceTree = "<group>"; };
		76B70D6522C4214600AE81B7 /* BaseCell.swift */ = {isa = PBXFileReference; lastKnownFileType = sourcecode.swift; path = BaseCell.swift; sourceTree = "<group>"; };
		76D0A56222C264C900224D6E /* Extensions.swift */ = {isa = PBXFileReference; lastKnownFileType = sourcecode.swift; path = Extensions.swift; sourceTree = "<group>"; };
		76D0A56522C2656000224D6E /* VideoCell.swift */ = {isa = PBXFileReference; lastKnownFileType = sourcecode.swift; path = VideoCell.swift; sourceTree = "<group>"; };
		76D0A56822C26E8A00224D6E /* MenuBar.swift */ = {isa = PBXFileReference; lastKnownFileType = sourcecode.swift; path = MenuBar.swift; sourceTree = "<group>"; };
		76D0A56B22C2BF9B00224D6E /* Video.swift */ = {isa = PBXFileReference; lastKnownFileType = sourcecode.swift; path = Video.swift; sourceTree = "<group>"; };
/* End PBXFileReference section */

/* Begin PBXFrameworksBuildPhase section */
		76B2DFBF22BFE35600674C99 /* Frameworks */ = {
			isa = PBXFrameworksBuildPhase;
			buildActionMask = 2147483647;
			files = (
			);
			runOnlyForDeploymentPostprocessing = 0;
		};
		76B2DFD622BFE35600674C99 /* Frameworks */ = {
			isa = PBXFrameworksBuildPhase;
			buildActionMask = 2147483647;
			files = (
			);
			runOnlyForDeploymentPostprocessing = 0;
		};
		76B2DFE122BFE35600674C99 /* Frameworks */ = {
			isa = PBXFrameworksBuildPhase;
			buildActionMask = 2147483647;
			files = (
			);
			runOnlyForDeploymentPostprocessing = 0;
		};
/* End PBXFrameworksBuildPhase section */

/* Begin PBXGroup section */
		76B2DFB922BFE35600674C99 = {
			isa = PBXGroup;
			children = (
				76B2DFC422BFE35600674C99 /* YoutubeClone */,
				76B2DFDC22BFE35600674C99 /* YoutubeCloneTests */,
				76B2DFE722BFE35600674C99 /* YoutubeCloneUITests */,
				76B2DFC322BFE35600674C99 /* Products */,
			);
			sourceTree = "<group>";
		};
		76B2DFC322BFE35600674C99 /* Products */ = {
			isa = PBXGroup;
			children = (
				76B2DFC222BFE35600674C99 /* YoutubeClone.app */,
				76B2DFD922BFE35600674C99 /* YoutubeCloneTests.xctest */,
				76B2DFE422BFE35600674C99 /* YoutubeCloneUITests.xctest */,
			);
			name = Products;
			sourceTree = "<group>";
		};
		76B2DFC422BFE35600674C99 /* YoutubeClone */ = {
			isa = PBXGroup;
			children = (
				76D0A56A22C2BEB200224D6E /* Models */,
				76D0A56722C2659700224D6E /* Controllers */,
				76D0A56422C2653000224D6E /* Views */,
				76D0A56122C264B400224D6E /* Helpers */,
				76B2DFC522BFE35600674C99 /* AppDelegate.swift */,
				76B2DFC922BFE35600674C99 /* Main.storyboard */,
				76B2DFCF22BFE35600674C99 /* Assets.xcassets */,
				76B2DFD122BFE35600674C99 /* LaunchScreen.storyboard */,
				76B2DFD422BFE35600674C99 /* Info.plist */,
				76B2DFCC22BFE35600674C99 /* YoutubeClone.xcdatamodeld */,
			);
			path = YoutubeClone;
			sourceTree = "<group>";
		};
		76B2DFDC22BFE35600674C99 /* YoutubeCloneTests */ = {
			isa = PBXGroup;
			children = (
				76B2DFDD22BFE35600674C99 /* YoutubeCloneTests.swift */,
				76B2DFDF22BFE35600674C99 /* Info.plist */,
			);
			path = YoutubeCloneTests;
			sourceTree = "<group>";
		};
		76B2DFE722BFE35600674C99 /* YoutubeCloneUITests */ = {
			isa = PBXGroup;
			children = (
				76B2DFE822BFE35600674C99 /* YoutubeCloneUITests.swift */,
				76B2DFEA22BFE35600674C99 /* Info.plist */,
			);
			path = YoutubeCloneUITests;
			sourceTree = "<group>";
		};
		76D0A56122C264B400224D6E /* Helpers */ = {
			isa = PBXGroup;
			children = (
				76D0A56222C264C900224D6E /* Extensions.swift */,
			);
			path = Helpers;
			sourceTree = "<group>";
		};
		76D0A56422C2653000224D6E /* Views */ = {
			isa = PBXGroup;
			children = (
				76D0A56522C2656000224D6E /* VideoCell.swift */,
				76D0A56822C26E8A00224D6E /* MenuBar.swift */,
				76B70D6522C4214600AE81B7 /* BaseCell.swift */,
			);
			path = Views;
			sourceTree = "<group>";
		};
		76D0A56722C2659700224D6E /* Controllers */ = {
			isa = PBXGroup;
			children = (
				76B2DFC722BFE35600674C99 /* HomeController.swift */,
				4859891B22C5223D00F3F1B2 /* SettingsLauncher.swift */,
			);
			path = Controllers;
			sourceTree = "<group>";
		};
		76D0A56A22C2BEB200224D6E /* Models */ = {
			isa = PBXGroup;
			children = (
				76D0A56B22C2BF9B00224D6E /* Video.swift */,
			);
			path = Models;
			sourceTree = "<group>";
		};
/* End PBXGroup section */

/* Begin PBXNativeTarget section */
		76B2DFC122BFE35600674C99 /* YoutubeClone */ = {
			isa = PBXNativeTarget;
			buildConfigurationList = 76B2DFED22BFE35600674C99 /* Build configuration list for PBXNativeTarget "YoutubeClone" */;
			buildPhases = (
				76B2DFBE22BFE35600674C99 /* Sources */,
				76B2DFBF22BFE35600674C99 /* Frameworks */,
				76B2DFC022BFE35600674C99 /* Resources */,
			);
			buildRules = (
			);
			dependencies = (
			);
			name = YoutubeClone;
			productName = YoutubeClone;
			productReference = 76B2DFC222BFE35600674C99 /* YoutubeClone.app */;
			productType = "com.apple.product-type.application";
		};
		76B2DFD822BFE35600674C99 /* YoutubeCloneTests */ = {
			isa = PBXNativeTarget;
			buildConfigurationList = 76B2DFF022BFE35600674C99 /* Build configuration list for PBXNativeTarget "YoutubeCloneTests" */;
			buildPhases = (
				76B2DFD522BFE35600674C99 /* Sources */,
				76B2DFD622BFE35600674C99 /* Frameworks */,
				76B2DFD722BFE35600674C99 /* Resources */,
			);
			buildRules = (
			);
			dependencies = (
				76B2DFDB22BFE35600674C99 /* PBXTargetDependency */,
			);
			name = YoutubeCloneTests;
			productName = YoutubeCloneTests;
			productReference = 76B2DFD922BFE35600674C99 /* YoutubeCloneTests.xctest */;
			productType = "com.apple.product-type.bundle.unit-test";
		};
		76B2DFE322BFE35600674C99 /* YoutubeCloneUITests */ = {
			isa = PBXNativeTarget;
			buildConfigurationList = 76B2DFF322BFE35600674C99 /* Build configuration list for PBXNativeTarget "YoutubeCloneUITests" */;
			buildPhases = (
				76B2DFE022BFE35600674C99 /* Sources */,
				76B2DFE122BFE35600674C99 /* Frameworks */,
				76B2DFE222BFE35600674C99 /* Resources */,
			);
			buildRules = (
			);
			dependencies = (
				76B2DFE622BFE35600674C99 /* PBXTargetDependency */,
			);
			name = YoutubeCloneUITests;
			productName = YoutubeCloneUITests;
			productReference = 76B2DFE422BFE35600674C99 /* YoutubeCloneUITests.xctest */;
			productType = "com.apple.product-type.bundle.ui-testing";
		};
/* End PBXNativeTarget section */

/* Begin PBXProject section */
		76B2DFBA22BFE35600674C99 /* Project object */ = {
			isa = PBXProject;
			attributes = {
				LastSwiftUpdateCheck = 0920;
				LastUpgradeCheck = 0920;
				ORGANIZATIONNAME = "MACBOOK PRO RETINA";
				TargetAttributes = {
					76B2DFC122BFE35600674C99 = {
						CreatedOnToolsVersion = 9.2;
						ProvisioningStyle = Automatic;
					};
					76B2DFD822BFE35600674C99 = {
						CreatedOnToolsVersion = 9.2;
						ProvisioningStyle = Automatic;
						TestTargetID = 76B2DFC122BFE35600674C99;
					};
					76B2DFE322BFE35600674C99 = {
						CreatedOnToolsVersion = 9.2;
						ProvisioningStyle = Automatic;
						TestTargetID = 76B2DFC122BFE35600674C99;
					};
				};
			};
			buildConfigurationList = 76B2DFBD22BFE35600674C99 /* Build configuration list for PBXProject "YoutubeClone" */;
			compatibilityVersion = "Xcode 8.0";
			developmentRegion = en;
			hasScannedForEncodings = 0;
			knownRegions = (
				en,
				Base,
			);
			mainGroup = 76B2DFB922BFE35600674C99;
			productRefGroup = 76B2DFC322BFE35600674C99 /* Products */;
			projectDirPath = "";
			projectRoot = "";
			targets = (
				76B2DFC122BFE35600674C99 /* YoutubeClone */,
				76B2DFD822BFE35600674C99 /* YoutubeCloneTests */,
				76B2DFE322BFE35600674C99 /* YoutubeCloneUITests */,
			);
		};
/* End PBXProject section */

/* Begin PBXResourcesBuildPhase section */
		76B2DFC022BFE35600674C99 /* Resources */ = {
			isa = PBXResourcesBuildPhase;
			buildActionMask = 2147483647;
			files = (
				76B2DFD322BFE35600674C99 /* LaunchScreen.storyboard in Resources */,
				76B2DFD022BFE35600674C99 /* Assets.xcassets in Resources */,
				76B2DFCB22BFE35600674C99 /* Main.storyboard in Resources */,
			);
			runOnlyForDeploymentPostprocessing = 0;
		};
		76B2DFD722BFE35600674C99 /* Resources */ = {
			isa = PBXResourcesBuildPhase;
			buildActionMask = 2147483647;
			files = (
			);
			runOnlyForDeploymentPostprocessing = 0;
		};
		76B2DFE222BFE35600674C99 /* Resources */ = {
			isa = PBXResourcesBuildPhase;
			buildActionMask = 2147483647;
			files = (
			);
			runOnlyForDeploymentPostprocessing = 0;
		};
/* End PBXResourcesBuildPhase section */

/* Begin PBXSourcesBuildPhase section */
		76B2DFBE22BFE35600674C99 /* Sources */ = {
			isa = PBXSourcesBuildPhase;
			buildActionMask = 2147483647;
			files = (
				76D0A56622C2656000224D6E /* VideoCell.swift in Sources */,
				76B2DFCE22BFE35600674C99 /* YoutubeClone.xcdatamodeld in Sources */,
				4859891C22C5223D00F3F1B2 /* SettingsLauncher.swift in Sources */,
				76D0A56922C26E8A00224D6E /* MenuBar.swift in Sources */,
				76B2DFC822BFE35600674C99 /* HomeController.swift in Sources */,
				76B70D6622C4214600AE81B7 /* BaseCell.swift in Sources */,
				76B2DFC622BFE35600674C99 /* AppDelegate.swift in Sources */,
				76D0A56C22C2BF9B00224D6E /* Video.swift in Sources */,
				76D0A56322C264C900224D6E /* Extensions.swift in Sources */,
			);
			runOnlyForDeploymentPostprocessing = 0;
		};
		76B2DFD522BFE35600674C99 /* Sources */ = {
			isa = PBXSourcesBuildPhase;
			buildActionMask = 2147483647;
			files = (
				76B2DFDE22BFE35600674C99 /* YoutubeCloneTests.swift in Sources */,
			);
			runOnlyForDeploymentPostprocessing = 0;
		};
		76B2DFE022BFE35600674C99 /* Sources */ = {
			isa = PBXSourcesBuildPhase;
			buildActionMask = 2147483647;
			files = (
				76B2DFE922BFE35600674C99 /* YoutubeCloneUITests.swift in Sources */,
			);
			runOnlyForDeploymentPostprocessing = 0;
		};
/* End PBXSourcesBuildPhase section */

/* Begin PBXTargetDependency section */
		76B2DFDB22BFE35600674C99 /* PBXTargetDependency */ = {
			isa = PBXTargetDependency;
			target = 76B2DFC122BFE35600674C99 /* YoutubeClone */;
			targetProxy = 76B2DFDA22BFE35600674C99 /* PBXContainerItemProxy */;
		};
		76B2DFE622BFE35600674C99 /* PBXTargetDependency */ = {
			isa = PBXTargetDependency;
			target = 76B2DFC122BFE35600674C99 /* YoutubeClone */;
			targetProxy = 76B2DFE522BFE35600674C99 /* PBXContainerItemProxy */;
		};
/* End PBXTargetDependency section */

/* Begin PBXVariantGroup section */
		76B2DFC922BFE35600674C99 /* Main.storyboard */ = {
			isa = PBXVariantGroup;
			children = (
				76B2DFCA22BFE35600674C99 /* Base */,
			);
			name = Main.storyboard;
			sourceTree = "<group>";
		};
		76B2DFD122BFE35600674C99 /* LaunchScreen.storyboard */ = {
			isa = PBXVariantGroup;
			children = (
				76B2DFD222BFE35600674C99 /* Base */,
			);
			name = LaunchScreen.storyboard;
			sourceTree = "<group>";
		};
/* End PBXVariantGroup section */

/* Begin XCBuildConfiguration section */
		76B2DFEB22BFE35600674C99 /* Debug */ = {
			isa = XCBuildConfiguration;
			buildSettings = {
				ALWAYS_SEARCH_USER_PATHS = NO;
				CLANG_ANALYZER_NONNULL = YES;
				CLANG_ANALYZER_NUMBER_OBJECT_CONVERSION = YES_AGGRESSIVE;
				CLANG_CXX_LANGUAGE_STANDARD = "gnu++14";
				CLANG_CXX_LIBRARY = "libc++";
				CLANG_ENABLE_MODULES = YES;
				CLANG_ENABLE_OBJC_ARC = YES;
				CLANG_WARN_BLOCK_CAPTURE_AUTORELEASING = YES;
				CLANG_WARN_BOOL_CONVERSION = YES;
				CLANG_WARN_COMMA = YES;
				CLANG_WARN_CONSTANT_CONVERSION = YES;
				CLANG_WARN_DIRECT_OBJC_ISA_USAGE = YES_ERROR;
				CLANG_WARN_DOCUMENTATION_COMMENTS = YES;
				CLANG_WARN_EMPTY_BODY = YES;
				CLANG_WARN_ENUM_CONVERSION = YES;
				CLANG_WARN_INFINITE_RECURSION = YES;
				CLANG_WARN_INT_CONVERSION = YES;
				CLANG_WARN_NON_LITERAL_NULL_CONVERSION = YES;
				CLANG_WARN_OBJC_LITERAL_CONVERSION = YES;
				CLANG_WARN_OBJC_ROOT_CLASS = YES_ERROR;
				CLANG_WARN_RANGE_LOOP_ANALYSIS = YES;
				CLANG_WARN_STRICT_PROTOTYPES = YES;
				CLANG_WARN_SUSPICIOUS_MOVE = YES;
				CLANG_WARN_UNGUARDED_AVAILABILITY = YES_AGGRESSIVE;
				CLANG_WARN_UNREACHABLE_CODE = YES;
				CLANG_WARN__DUPLICATE_METHOD_MATCH = YES;
				CODE_SIGN_IDENTITY = "iPhone Developer";
				COPY_PHASE_STRIP = NO;
				DEBUG_INFORMATION_FORMAT = dwarf;
				ENABLE_STRICT_OBJC_MSGSEND = YES;
				ENABLE_TESTABILITY = YES;
				GCC_C_LANGUAGE_STANDARD = gnu11;
				GCC_DYNAMIC_NO_PIC = NO;
				GCC_NO_COMMON_BLOCKS = YES;
				GCC_OPTIMIZATION_LEVEL = 0;
				GCC_PREPROCESSOR_DEFINITIONS = (
					"DEBUG=1",
					"$(inherited)",
				);
				GCC_WARN_64_TO_32_BIT_CONVERSION = YES;
				GCC_WARN_ABOUT_RETURN_TYPE = YES_ERROR;
				GCC_WARN_UNDECLARED_SELECTOR = YES;
				GCC_WARN_UNINITIALIZED_AUTOS = YES_AGGRESSIVE;
				GCC_WARN_UNUSED_FUNCTION = YES;
				GCC_WARN_UNUSED_VARIABLE = YES;
				IPHONEOS_DEPLOYMENT_TARGET = 11.2;
				MTL_ENABLE_DEBUG_INFO = YES;
				ONLY_ACTIVE_ARCH = YES;
				SDKROOT = iphoneos;
				SWIFT_ACTIVE_COMPILATION_CONDITIONS = DEBUG;
				SWIFT_OPTIMIZATION_LEVEL = "-Onone";
			};
			name = Debug;
		};
		76B2DFEC22BFE35600674C99 /* Release */ = {
			isa = XCBuildConfiguration;
			buildSettings = {
				ALWAYS_SEARCH_USER_PATHS = NO;
				CLANG_ANALYZER_NONNULL = YES;
				CLANG_ANALYZER_NUMBER_OBJECT_CONVERSION = YES_AGGRESSIVE;
				CLANG_CXX_LANGUAGE_STANDARD = "gnu++14";
				CLANG_CXX_LIBRARY = "libc++";
				CLANG_ENABLE_MODULES = YES;
				CLANG_ENABLE_OBJC_ARC = YES;
				CLANG_WARN_BLOCK_CAPTURE_AUTORELEASING = YES;
				CLANG_WARN_BOOL_CONVERSION = YES;
				CLANG_WARN_COMMA = YES;
				CLANG_WARN_CONSTANT_CONVERSION = YES;
				CLANG_WARN_DIRECT_OBJC_ISA_USAGE = YES_ERROR;
				CLANG_WARN_DOCUMENTATION_COMMENTS = YES;
				CLANG_WARN_EMPTY_BODY = YES;
				CLANG_WARN_ENUM_CONVERSION = YES;
				CLANG_WARN_INFINITE_RECURSION = YES;
				CLANG_WARN_INT_CONVERSION = YES;
				CLANG_WARN_NON_LITERAL_NULL_CONVERSION = YES;
				CLANG_WARN_OBJC_LITERAL_CONVERSION = YES;
				CLANG_WARN_OBJC_ROOT_CLASS = YES_ERROR;
				CLANG_WARN_RANGE_LOOP_ANALYSIS = YES;
				CLANG_WARN_STRICT_PROTOTYPES = YES;
				CLANG_WARN_SUSPICIOUS_MOVE = YES;
				CLANG_WARN_UNGUARDED_AVAILABILITY = YES_AGGRESSIVE;
				CLANG_WARN_UNREACHABLE_CODE = YES;
				CLANG_WARN__DUPLICATE_METHOD_MATCH = YES;
				CODE_SIGN_IDENTITY = "iPhone Developer";
				COPY_PHASE_STRIP = NO;
				DEBUG_INFORMATION_FORMAT = "dwarf-with-dsym";
				ENABLE_NS_ASSERTIONS = NO;
				ENABLE_STRICT_OBJC_MSGSEND = YES;
				GCC_C_LANGUAGE_STANDARD = gnu11;
				GCC_NO_COMMON_BLOCKS = YES;
				GCC_WARN_64_TO_32_BIT_CONVERSION = YES;
				GCC_WARN_ABOUT_RETURN_TYPE = YES_ERROR;
				GCC_WARN_UNDECLARED_SELECTOR = YES;
				GCC_WARN_UNINITIALIZED_AUTOS = YES_AGGRESSIVE;
				GCC_WARN_UNUSED_FUNCTION = YES;
				GCC_WARN_UNUSED_VARIABLE = YES;
				IPHONEOS_DEPLOYMENT_TARGET = 11.2;
				MTL_ENABLE_DEBUG_INFO = NO;
				SDKROOT = iphoneos;
				SWIFT_OPTIMIZATION_LEVEL = "-Owholemodule";
				VALIDATE_PRODUCT = YES;
			};
			name = Release;
		};
		76B2DFEE22BFE35600674C99 /* Debug */ = {
			isa = XCBuildConfiguration;
			buildSettings = {
				ASSETCATALOG_COMPILER_APPICON_NAME = AppIcon;
				CODE_SIGN_STYLE = Automatic;
				DEVELOPMENT_TEAM = WG5JPDZ522;
				INFOPLIST_FILE = YoutubeClone/Info.plist;
				LD_RUNPATH_SEARCH_PATHS = "$(inherited) @executable_path/Frameworks";
				PRODUCT_BUNDLE_IDENTIFIER = test.YoutubeClone;
				PRODUCT_NAME = "$(TARGET_NAME)";
				SWIFT_VERSION = 4.0;
				TARGETED_DEVICE_FAMILY = "1,2";
			};
			name = Debug;
		};
		76B2DFEF22BFE35600674C99 /* Release */ = {
			isa = XCBuildConfiguration;
			buildSettings = {
				ASSETCATALOG_COMPILER_APPICON_NAME = AppIcon;
				CODE_SIGN_STYLE = Automatic;
				DEVELOPMENT_TEAM = WG5JPDZ522;
				INFOPLIST_FILE = YoutubeClone/Info.plist;
				LD_RUNPATH_SEARCH_PATHS = "$(inherited) @executable_path/Frameworks";
				PRODUCT_BUNDLE_IDENTIFIER = test.YoutubeClone;
				PRODUCT_NAME = "$(TARGET_NAME)";
				SWIFT_VERSION = 4.0;
				TARGETED_DEVICE_FAMILY = "1,2";
			};
			name = Release;
		};
		76B2DFF122BFE35600674C99 /* Debug */ = {
			isa = XCBuildConfiguration;
			buildSettings = {
				ALWAYS_EMBED_SWIFT_STANDARD_LIBRARIES = YES;
				BUNDLE_LOADER = "$(TEST_HOST)";
				CODE_SIGN_STYLE = Automatic;
				DEVELOPMENT_TEAM = WG5JPDZ522;
				INFOPLIST_FILE = YoutubeCloneTests/Info.plist;
				LD_RUNPATH_SEARCH_PATHS = "$(inherited) @executable_path/Frameworks @loader_path/Frameworks";
				PRODUCT_BUNDLE_IDENTIFIER = test.YoutubeCloneTests;
				PRODUCT_NAME = "$(TARGET_NAME)";
				SWIFT_VERSION = 4.0;
				TARGETED_DEVICE_FAMILY = "1,2";
				TEST_HOST = "$(BUILT_PRODUCTS_DIR)/YoutubeClone.app/YoutubeClone";
			};
			name = Debug;
		};
		76B2DFF222BFE35600674C99 /* Release */ = {
			isa = XCBuildConfiguration;
			buildSettings = {
				ALWAYS_EMBED_SWIFT_STANDARD_LIBRARIES = YES;
				BUNDLE_LOADER = "$(TEST_HOST)";
				CODE_SIGN_STYLE = Automatic;
				DEVELOPMENT_TEAM = WG5JPDZ522;
				INFOPLIST_FILE = YoutubeCloneTests/Info.plist;
				LD_RUNPATH_SEARCH_PATHS = "$(inherited) @executable_path/Frameworks @loader_path/Frameworks";
				PRODUCT_BUNDLE_IDENTIFIER = test.YoutubeCloneTests;
				PRODUCT_NAME = "$(TARGET_NAME)";
				SWIFT_VERSION = 4.0;
				TARGETED_DEVICE_FAMILY = "1,2";
				TEST_HOST = "$(BUILT_PRODUCTS_DIR)/YoutubeClone.app/YoutubeClone";
			};
			name = Release;
		};
		76B2DFF422BFE35600674C99 /* Debug */ = {
			isa = XCBuildConfiguration;
			buildSettings = {
				ALWAYS_EMBED_SWIFT_STANDARD_LIBRARIES = YES;
				CODE_SIGN_STYLE = Automatic;
				DEVELOPMENT_TEAM = WG5JPDZ522;
				INFOPLIST_FILE = YoutubeCloneUITests/Info.plist;
				LD_RUNPATH_SEARCH_PATHS = "$(inherited) @executable_path/Frameworks @loader_path/Frameworks";
				PRODUCT_BUNDLE_IDENTIFIER = test.YoutubeCloneUITests;
				PRODUCT_NAME = "$(TARGET_NAME)";
				SWIFT_VERSION = 4.0;
				TARGETED_DEVICE_FAMILY = "1,2";
				TEST_TARGET_NAME = YoutubeClone;
			};
			name = Debug;
		};
		76B2DFF522BFE35600674C99 /* Release */ = {
			isa = XCBuildConfiguration;
			buildSettings = {
				ALWAYS_EMBED_SWIFT_STANDARD_LIBRARIES = YES;
				CODE_SIGN_STYLE = Automatic;
				DEVELOPMENT_TEAM = WG5JPDZ522;
				INFOPLIST_FILE = YoutubeCloneUITests/Info.plist;
				LD_RUNPATH_SEARCH_PATHS = "$(inherited) @executable_path/Frameworks @loader_path/Frameworks";
				PRODUCT_BUNDLE_IDENTIFIER = test.YoutubeCloneUITests;
				PRODUCT_NAME = "$(TARGET_NAME)";
				SWIFT_VERSION = 4.0;
				TARGETED_DEVICE_FAMILY = "1,2";
				TEST_TARGET_NAME = YoutubeClone;
			};
			name = Release;
		};
/* End XCBuildConfiguration section */

/* Begin XCConfigurationList section */
		76B2DFBD22BFE35600674C99 /* Build configuration list for PBXProject "YoutubeClone" */ = {
			isa = XCConfigurationList;
			buildConfigurations = (
				76B2DFEB22BFE35600674C99 /* Debug */,
				76B2DFEC22BFE35600674C99 /* Release */,
			);
			defaultConfigurationIsVisible = 0;
			defaultConfigurationName = Release;
		};
		76B2DFED22BFE35600674C99 /* Build configuration list for PBXNativeTarget "YoutubeClone" */ = {
			isa = XCConfigurationList;
			buildConfigurations = (
				76B2DFEE22BFE35600674C99 /* Debug */,
				76B2DFEF22BFE35600674C99 /* Release */,
			);
			defaultConfigurationIsVisible = 0;
			defaultConfigurationName = Release;
		};
		76B2DFF022BFE35600674C99 /* Build configuration list for PBXNativeTarget "YoutubeCloneTests" */ = {
			isa = XCConfigurationList;
			buildConfigurations = (
				76B2DFF122BFE35600674C99 /* Debug */,
				76B2DFF222BFE35600674C99 /* Release */,
			);
			defaultConfigurationIsVisible = 0;
			defaultConfigurationName = Release;
		};
		76B2DFF322BFE35600674C99 /* Build configuration list for PBXNativeTarget "YoutubeCloneUITests" */ = {
			isa = XCConfigurationList;
			buildConfigurations = (
				76B2DFF422BFE35600674C99 /* Debug */,
				76B2DFF522BFE35600674C99 /* Release */,
			);
			defaultConfigurationIsVisible = 0;
			defaultConfigurationName = Release;
		};
/* End XCConfigurationList section */

/* Begin XCVersionGroup section */
		76B2DFCC22BFE35600674C99 /* YoutubeClone.xcdatamodeld */ = {
			isa = XCVersionGroup;
			children = (
				76B2DFCD22BFE35600674C99 /* YoutubeClone.xcdatamodel */,
			);
			currentVersion = 76B2DFCD22BFE35600674C99 /* YoutubeClone.xcdatamodel */;
			path = YoutubeClone.xcdatamodeld;
			sourceTree = "<group>";
			versionGroupType = wrapper.xcdatamodel;
		};
/* End XCVersionGroup section */
	};
	rootObject = 76B2DFBA22BFE35600674C99 /* Project object */;
}
